
Microsoft Visual Studio Solution File, Format Version 12.00
# Visual Studio Version 16
VisualStudioVersion = 16.0.31019.35
MinimumVisualStudioVersion = 10.0.40219.1
Project("{FAE04EC0-301F-11D3-BF4B-00C04F79EFBC}") = "Carousel.UWP", "Carousel\Carousel.UWP\Carousel.UWP.csproj", "{AFA87697-C18D-4998-9251-4E0FB2F63510}"
EndProject
Project("{FAE04EC0-301F-11D3-BF4B-00C04F79EFBC}") = "Carousel.Android", "Carousel\Carousel.Android\Carousel.Android.csproj", "{DC82BB3E-C049-4867-858D-4BED887A04DC}"
EndProject
Project("{FAE04EC0-301F-11D3-BF4B-00C04F79EFBC}") = "Carousel.iOS", "Carousel\Carousel.iOS\Carousel.iOS.csproj", "{A78EA511-8AD4-4F8B-A442-D641BCBC88C4}"
EndProject
Project("{FAE04EC0-301F-11D3-BF4B-00C04F79EFBC}") = "Carousel", "Carousel\Carousel\Carousel.csproj", "{6C69A36F-9E37-4241-8EBF-35A812996507}"
EndProject
Global
	GlobalSection(SolutionConfigurationPlatforms) = preSolution
		Debug|Any CPU = Debug|Any CPU
		Debug|ARM = Debug|ARM
		Debug|iPhone = Debug|iPhone
		Debug|iPhoneSimulator = Debug|iPhoneSimulator
		Debug|x64 = Debug|x64
		Debug|x86 = Debug|x86
		Release|Any CPU = Release|Any CPU
		Release|ARM = Release|ARM
		Release|iPhone = Release|iPhone
		Release|iPhoneSimulator = Release|iPhoneSimulator
		Release|x64 = Release|x64
		Release|x86 = Release|x86
	EndGlobalSection
	GlobalSection(ProjectConfigurationPlatforms) = postSolution
		{AFA87697-C18D-4998-9251-4E0FB2F63510}.Debug|Any CPU.ActiveCfg = Debug|x86
		{AFA87697-C18D-4998-9251-4E0FB2F63510}.Debug|Any CPU.Build.0 = Debug|x86
		{AFA87697-C18D-4998-9251-4E0FB2F63510}.Debug|Any CPU.Deploy.0 = Debug|x86
		{AFA87697-C18D-4998-9251-4E0FB2F63510}.Debug|ARM.ActiveCfg = Debug|ARM
		{AFA87697-C18D-4998-9251-4E0FB2F63510}.Debug|ARM.Build.0 = Debug|ARM
		{AFA87697-C18D-4998-9251-4E0FB2F63510}.Debug|ARM.Deploy.0 = Debug|ARM
		{AFA87697-C18D-4998-9251-4E0FB2F63510}.Debug|iPhone.ActiveCfg = Debug|x86
		{AFA87697-C18D-4998-9251-4E0FB2F63510}.Debug|iPhone.Build.0 = Debug|x86
		{AFA87697-C18D-4998-9251-4E0FB2F63510}.Debug|iPhone.Deploy.0 = Debug|x86
		{AFA87697-C18D-4998-9251-4E0FB2F63510}.Debug|iPhoneSimulator.ActiveCfg = Debug|x86
		{AFA87697-C18D-4998-9251-4E0FB2F63510}.Debug|iPhoneSimulator.Build.0 = Debug|x86
		{AFA87697-C18D-4998-9251-4E0FB2F63510}.Debug|iPhoneSimulator.Deploy.0 = Debug|x86
		{AFA87697-C18D-4998-9251-4E0FB2F63510}.Debug|x64.ActiveCfg = Debug|x64
		{AFA87697-C18D-4998-9251-4E0FB2F63510}.Debug|x64.Build.0 = Debug|x64
		{AFA87697-C18D-4998-9251-4E0FB2F63510}.Debug|x64.Deploy.0 = Debug|x64
		{AFA87697-C18D-4998-9251-4E0FB2F63510}.Debug|x86.ActiveCfg = Debug|x86
		{AFA87697-C18D-4998-9251-4E0FB2F63510}.Debug|x86.Build.0 = Debug|x86
		{AFA87697-C18D-4998-9251-4E0FB2F63510}.Debug|x86.Deploy.0 = Debug|x86
		{AFA87697-C18D-4998-9251-4E0FB2F63510}.Release|Any CPU.ActiveCfg = Release|x86
		{AFA87697-C18D-4998-9251-4E0FB2F63510}.Release|Any CPU.Build.0 = Release|x86
		{AFA87697-C18D-4998-9251-4E0FB2F63510}.Release|Any CPU.Deploy.0 = Release|x86
		{AFA87697-C18D-4998-9251-4E0FB2F63510}.Release|ARM.ActiveCfg = Release|ARM
		{AFA87697-C18D-4998-9251-4E0FB2F63510}.Release|ARM.Build.0 = Release|ARM
		{AFA87697-C18D-4998-9251-4E0FB2F63510}.Release|ARM.Deploy.0 = Release|ARM
		{AFA87697-C18D-4998-9251-4E0FB2F63510}.Release|iPhone.ActiveCfg = Release|x86
		{AFA87697-C18D-4998-9251-4E0FB2F63510}.Release|iPhone.Build.0 = Release|x86
		{AFA87697-C18D-4998-9251-4E0FB2F63510}.Release|iPhone.Deploy.0 = Release|x86
		{AFA87697-C18D-4998-9251-4E0FB2F63510}.Release|iPhoneSimulator.ActiveCfg = Release|x86
		{AFA87697-C18D-4998-9251-4E0FB2F63510}.Release|iPhoneSimulator.Build.0 = Release|x86
		{AFA87697-C18D-4998-9251-4E0FB2F63510}.Release|iPhoneSimulator.Deploy.0 = Release|x86
		{AFA87697-C18D-4998-9251-4E0FB2F63510}.Release|x64.ActiveCfg = Release|x64
		{AFA87697-C18D-4998-9251-4E0FB2F63510}.Release|x64.Build.0 = Release|x64
		{AFA87697-C18D-4998-9251-4E0FB2F63510}.Release|x64.Deploy.0 = Release|x64
		{AFA87697-C18D-4998-9251-4E0FB2F63510}.Release|x86.ActiveCfg = Release|x86
		{AFA87697-C18D-4998-9251-4E0FB2F63510}.Release|x86.Build.0 = Release|x86
		{AFA87697-C18D-4998-9251-4E0FB2F63510}.Release|x86.Deploy.0 = Release|x86
		{DC82BB3E-C049-4867-858D-4BED887A04DC}.Debug|Any CPU.ActiveCfg = Debug|Any CPU
		{DC82BB3E-C049-4867-858D-4BED887A04DC}.Debug|Any CPU.Build.0 = Debug|Any CPU
		{DC82BB3E-C049-4867-858D-4BED887A04DC}.Debug|Any CPU.Deploy.0 = Debug|Any CPU
		{DC82BB3E-C049-4867-858D-4BED887A04DC}.Debug|ARM.ActiveCfg = Debug|Any CPU
		{DC82BB3E-C049-4867-858D-4BED887A04DC}.Debug|ARM.Build.0 = Debug|Any CPU
		{DC82BB3E-C049-4867-858D-4BED887A04DC}.Debug|ARM.Deploy.0 = Debug|Any CPU
		{DC82BB3E-C049-4867-858D-4BED887A04DC}.Debug|iPhone.ActiveCfg = Debug|Any CPU
		{DC82BB3E-C049-4867-858D-4BED887A04DC}.Debug|iPhone.Build.0 = Debug|Any CPU
		{DC82BB3E-C049-4867-858D-4BED887A04DC}.Debug|iPhone.Deploy.0 = Debug|Any CPU
		{DC82BB3E-C049-4867-858D-4BED887A04DC}.Debug|iPhoneSimulator.ActiveCfg = Debug|Any CPU
		{DC82BB3E-C049-4867-858D-4BED887A04DC}.Debug|iPhoneSimulator.Build.0 = Debug|Any CPU
		{DC82BB3E-C049-4867-858D-4BED887A04DC}.Debug|iPhoneSimulator.Deploy.0 = Debug|Any CPU
		{DC82BB3E-C049-4867-858D-4BED887A04DC}.Debug|x64.ActiveCfg = Debug|Any CPU
		{DC82BB3E-C049-4867-858D-4BED887A04DC}.Debug|x64.Build.0 = Debug|Any CPU
		{DC82BB3E-C049-4867-858D-4BED887A04DC}.Debug|x64.Deploy.0 = Debug|Any CPU
		{DC82BB3E-C049-4867-858D-4BED887A04DC}.Debug|x86.ActiveCfg = Debug|Any CPU
		{DC82BB3E-C049-4867-858D-4BED887A04DC}.Debug|x86.Build.0 = Debug|Any CPU
		{DC82BB3E-C049-4867-858D-4BED887A04DC}.Debug|x86.Deploy.0 = Debug|Any CPU
		{DC82BB3E-C049-4867-858D-4BED887A04DC}.Release|Any CPU.ActiveCfg = Release|Any CPU
		{DC82BB3E-C049-4867-858D-4BED887A04DC}.Release|Any CPU.Build.0 = Release|Any CPU
		{DC82BB3E-C049-4867-858D-4BED887A04DC}.Release|Any CPU.Deploy.0 = Release|Any CPU
		{DC82BB3E-C049-4867-858D-4BED887A04DC}.Release|ARM.ActiveCfg = Release|Any CPU
		{DC82BB3E-C049-4867-858D-4BED887A04DC}.Release|ARM.Build.0 = Release|Any CPU
		{DC82BB3E-C049-4867-858D-4BED887A04DC}.Release|ARM.Deploy.0 = Release|Any CPU
		{DC82BB3E-C049-4867-858D-4BED887A04DC}.Release|iPhone.ActiveCfg = Release|Any CPU
		{DC82BB3E-C049-4867-858D-4BED887A04DC}.Release|iPhone.Build.0 = Release|Any CPU
		{DC82BB3E-C049-4867-858D-4BED887A04DC}.Release|iPhone.Deploy.0 = Release|Any CPU
		{DC82BB3E-C049-4867-858D-4BED887A04DC}.Release|iPhoneSimulator.ActiveCfg = Release|Any CPU
		{DC82BB3E-C049-4867-858D-4BED887A04DC}.Release|iPhoneSimulator.Build.0 = Release|Any CPU
		{DC82BB3E-C049-4867-858D-4BED887A04DC}.Release|iPhoneSimulator.Deploy.0 = Release|Any CPU
		{DC82BB3E-C049-4867-858D-4BED887A04DC}.Release|x64.ActiveCfg = Release|Any CPU
		{DC82BB3E-C049-4867-858D-4BED887A04DC}.Release|x64.Build.0 = Release|Any CPU
		{DC82BB3E-C049-4867-858D-4BED887A04DC}.Release|x64.Deploy.0 = Release|Any CPU
		{DC82BB3E-C049-4867-858D-4BED887A04DC}.Release|x86.ActiveCfg = Release|Any CPU
		{DC82BB3E-C049-4867-858D-4BED887A04DC}.Release|x86.Build.0 = Release|Any CPU
		{DC82BB3E-C049-4867-858D-4BED887A04DC}.Release|x86.Deploy.0 = Release|Any CPU
		{A78EA511-8AD4-4F8B-A442-D641BCBC88C4}.Debug|Any CPU.ActiveCfg = Debug|iPhoneSimulator
		{A78EA511-8AD4-4F8B-A442-D641BCBC88C4}.Debug|Any CPU.Build.0 = Debug|iPhoneSimulator
		{A78EA511-8AD4-4F8B-A442-D641BCBC88C4}.Debug|Any CPU.Deploy.0 = Debug|iPhoneSimulator
		{A78EA511-8AD4-4F8B-A442-D641BCBC88C4}.Debug|ARM.ActiveCfg = Debug|iPhone
		{A78EA511-8AD4-4F8B-A442-D641BCBC88C4}.Debug|ARM.Build.0 = Debug|iPhone
		{A78EA511-8AD4-4F8B-A442-D641BCBC88C4}.Debug|ARM.Deploy.0 = Debug|iPhone
		{A78EA511-8AD4-4F8B-A442-D641BCBC88C4}.Debug|iPhone.ActiveCfg = Debug|iPhone
		{A78EA511-8AD4-4F8B-A442-D641BCBC88C4}.Debug|iPhone.Build.0 = Debug|iPhone
		{A78EA511-8AD4-4F8B-A442-D641BCBC88C4}.Debug|iPhone.Deploy.0 = Debug|iPhone
		{A78EA511-8AD4-4F8B-A442-D641BCBC88C4}.Debug|iPhoneSimulator.ActiveCfg = Debug|iPhoneSimulator
		{A78EA511-8AD4-4F8B-A442-D641BCBC88C4}.Debug|iPhoneSimulator.Build.0 = Debug|iPhoneSimulator
		{A78EA511-8AD4-4F8B-A442-D641BCBC88C4}.Debug|iPhoneSimulator.Deploy.0 = Debug|iPhoneSimulator
		{A78EA511-8AD4-4F8B-A442-D641BCBC88C4}.Debug|x64.ActiveCfg = Debug|iPhoneSimulator
		{A78EA511-8AD4-4F8B-A442-D641BCBC88C4}.Debug|x64.Build.0 = Debug|iPhoneSimulator
		{A78EA511-8AD4-4F8B-A442-D641BCBC88C4}.Debug|x64.Deploy.0 = Debug|iPhoneSimulator
		{A78EA511-8AD4-4F8B-A442-D641BCBC88C4}.Debug|x86.ActiveCfg = Debug|iPhoneSimulator
		{A78EA511-8AD4-4F8B-A442-D641BCBC88C4}.Debug|x86.Build.0 = Debug|iPhoneSimulator
		{A78EA511-8AD4-4F8B-A442-D641BCBC88C4}.Debug|x86.Deploy.0 = Debug|iPhoneSimulator
		{A78EA511-8AD4-4F8B-A442-D641BCBC88C4}.Release|Any CPU.ActiveCfg = Release|iPhoneSimulator
		{A78EA511-8AD4-4F8B-A442-D641BCBC88C4}.Release|Any CPU.Build.0 = Release|iPhoneSimulator
		{A78EA511-8AD4-4F8B-A442-D641BCBC88C4}.Release|Any CPU.Deploy.0 = Release|iPhoneSimulator
		{A78EA511-8AD4-4F8B-A442-D641BCBC88C4}.Release|ARM.ActiveCfg = Release|iPhoneSimulator
		{A78EA511-8AD4-4F8B-A442-D641BCBC88C4}.Release|ARM.Build.0 = Release|iPhoneSimulator
		{A78EA511-8AD4-4F8B-A442-D641BCBC88C4}.Release|ARM.Deploy.0 = Release|iPhoneSimulator
		{A78EA511-8AD4-4F8B-A442-D641BCBC88C4}.Release|iPhone.ActiveCfg = Release|iPhone
		{A78EA511-8AD4-4F8B-A442-D641BCBC88C4}.Release|iPhone.Build.0 = Release|iPhone
		{A78EA511-8AD4-4F8B-A442-D641BCBC88C4}.Release|iPhone.Deploy.0 = Release|iPhone
		{A78EA511-8AD4-4F8B-A442-D641BCBC88C4}.Release|iPhoneSimulator.ActiveCfg = Release|iPhoneSimulator
		{A78EA511-8AD4-4F8B-A442-D641BCBC88C4}.Release|iPhoneSimulator.Build.0 = Release|iPhoneSimulator
		{A78EA511-8AD4-4F8B-A442-D641BCBC88C4}.Release|iPhoneSimulator.Deploy.0 = Release|iPhoneSimulator
		{A78EA511-8AD4-4F8B-A442-D641BCBC88C4}.Release|x64.ActiveCfg = Release|iPhoneSimulator
		{A78EA511-8AD4-4F8B-A442-D641BCBC88C4}.Release|x64.Build.0 = Release|iPhoneSimulator
		{A78EA511-8AD4-4F8B-A442-D641BCBC88C4}.Release|x64.Deploy.0 = Release|iPhoneSimulator
		{A78EA511-8AD4-4F8B-A442-D641BCBC88C4}.Release|x86.ActiveCfg = Release|iPhoneSimulator
		{A78EA511-8AD4-4F8B-A442-D641BCBC88C4}.Release|x86.Build.0 = Release|iPhoneSimulator
		{A78EA511-8AD4-4F8B-A442-D641BCBC88C4}.Release|x86.Deploy.0 = Release|iPhoneSimulator
		{6C69A36F-9E37-4241-8EBF-35A812996507}.Debug|Any CPU.ActiveCfg = Debug|Any CPU
		{6C69A36F-9E37-4241-8EBF-35A812996507}.Debug|Any CPU.Build.0 = Debug|Any CPU
		{6C69A36F-9E37-4241-8EBF-35A812996507}.Debug|Any CPU.Deploy.0 = Debug|Any CPU
		{6C69A36F-9E37-4241-8EBF-35A812996507}.Debug|ARM.ActiveCfg = Debug|Any CPU
		{6C69A36F-9E37-4241-8EBF-35A812996507}.Debug|ARM.Build.0 = Debug|Any CPU
		{6C69A36F-9E37-4241-8EBF-35A812996507}.Debug|ARM.Deploy.0 = Debug|Any CPU
		{6C69A36F-9E37-4241-8EBF-35A812996507}.Debug|iPhone.ActiveCfg = Debug|Any CPU
		{6C69A36F-9E37-4241-8EBF-35A812996507}.Debug|iPhone.Build.0 = Debug|Any CPU
		{6C69A36F-9E37-4241-8EBF-35A812996507}.Debug|iPhone.Deploy.0 = Debug|Any CPU
		{6C69A36F-9E37-4241-8EBF-35A812996507}.Debug|iPhoneSimulator.ActiveCfg = Debug|Any CPU
		{6C69A36F-9E37-4241-8EBF-35A812996507}.Debug|iPhoneSimulator.Build.0 = Debug|Any CPU
		{6C69A36F-9E37-4241-8EBF-35A812996507}.Debug|iPhoneSimulator.Deploy.0 = Debug|Any CPU
		{6C69A36F-9E37-4241-8EBF-35A812996507}.Debug|x64.ActiveCfg = Debug|Any CPU
		{6C69A36F-9E37-4241-8EBF-35A812996507}.Debug|x64.Build.0 = Debug|Any CPU
		{6C69A36F-9E37-4241-8EBF-35A812996507}.Debug|x64.Deploy.0 = Debug|Any CPU
		{6C69A36F-9E37-4241-8EBF-35A812996507}.Debug|x86.ActiveCfg = Debug|Any CPU
		{6C69A36F-9E37-4241-8EBF-35A812996507}.Debug|x86.Build.0 = Debug|Any CPU
		{6C69A36F-9E37-4241-8EBF-35A812996507}.Debug|x86.Deploy.0 = Debug|Any CPU
		{6C69A36F-9E37-4241-8EBF-35A812996507}.Release|Any CPU.ActiveCfg = Release|Any CPU
		{6C69A36F-9E37-4241-8EBF-35A812996507}.Release|Any CPU.Build.0 = Release|Any CPU
		{6C69A36F-9E37-4241-8EBF-35A812996507}.Release|Any CPU.Deploy.0 = Release|Any CPU
		{6C69A36F-9E37-4241-8EBF-35A812996507}.Release|ARM.ActiveCfg = Release|Any CPU
		{6C69A36F-9E37-4241-8EBF-35A812996507}.Release|ARM.Build.0 = Release|Any CPU
		{6C69A36F-9E37-4241-8EBF-35A812996507}.Release|ARM.Deploy.0 = Release|Any CPU
		{6C69A36F-9E37-4241-8EBF-35A812996507}.Release|iPhone.ActiveCfg = Release|Any CPU
		{6C69A36F-9E37-4241-8EBF-35A812996507}.Release|iPhone.Build.0 = Release|Any CPU
		{6C69A36F-9E37-4241-8EBF-35A812996507}.Release|iPhone.Deploy.0 = Release|Any CPU
		{6C69A36F-9E37-4241-8EBF-35A812996507}.Release|iPhoneSimulator.ActiveCfg = Release|Any CPU
		{6C69A36F-9E37-4241-8EBF-35A812996507}.Release|iPhoneSimulator.Build.0 = Release|Any CPU
		{6C69A36F-9E37-4241-8EBF-35A812996507}.Release|iPhoneSimulator.Deploy.0 = Release|Any CPU
		{6C69A36F-9E37-4241-8EBF-35A812996507}.Release|x64.ActiveCfg = Release|Any CPU
		{6C69A36F-9E37-4241-8EBF-35A812996507}.Release|x64.Build.0 = Release|Any CPU
		{6C69A36F-9E37-4241-8EBF-35A812996507}.Release|x64.Deploy.0 = Release|Any CPU
		{6C69A36F-9E37-4241-8EBF-35A812996507}.Release|x86.ActiveCfg = Release|Any CPU
		{6C69A36F-9E37-4241-8EBF-35A812996507}.Release|x86.Build.0 = Release|Any CPU
		{6C69A36F-9E37-4241-8EBF-35A812996507}.Release|x86.Deploy.0 = Release|Any CPU
	EndGlobalSection
	GlobalSection(SolutionProperties) = preSolution
		HideSolutionNode = FALSE
	EndGlobalSection
	GlobalSection(ExtensibilityGlobals) = postSolution
		SolutionGuid = {4BDC6457-4FB5-4BF5-A146-E37C7D6EDE05}
	EndGlobalSection
EndGlobal
